
Microsoft Visual Studio Solution File, Format Version 11.00
# Visual Studio 2010
Project("{FAE04EC0-301F-11D3-BF4B-00C04F79EFBC}") = "UnityExternalScriptEditorHelper", "UnityExternalScriptEditorHelper\UnityExternalScriptEditorHelper.csproj", "{D24892CC-8B1C-40D6-A830-2518D71DACEA}"
EndProject
Global
	GlobalSection(SolutionConfigurationPlatforms) = preSolution
		Debug|x86 = Debug|x86
		Release|x86 = Release|x86
	EndGlobalSection
	GlobalSection(ProjectConfigurationPlatforms) = postSolution
		{D24892CC-8B1C-40D6-A830-2518D71DACEA}.Debug|x86.ActiveCfg = Debug|x86
		{D24892CC-8B1C-40D6-A830-2518D71DACEA}.Debug|x86.Build.0 = Debug|x86
		{D24892CC-8B1C-40D6-A830-2518D71DACEA}.Release|x86.ActiveCfg = Release|x86
		{D24892CC-8B1C-40D6-A830-2518D71DACEA}.Release|x86.Build.0 = Release|x86
	EndGlobalSection
	GlobalSection(MonoDevelopProperties) = preSolution
		StartupItem = UnityExternalScriptEditorHelper\UnityExternalScriptEditorHelper.csproj
	EndGlobalSection
EndGlobal
